
Microsoft Visual Studio Solution File, Format Version 12.00
# Visual Studio Version 17
VisualStudioVersion = 17.3.32825.248
MinimumVisualStudioVersion = 10.0.40219.1
Project("{8BC9CEB8-8B4A-11D0-8D11-00A0C91BC942}") = "laba 3 3.c", "laba 3 3.c\laba 3 3.c.vcxproj", "{9387E90D-4651-4D8E-B964-54396D9C3E7B}"
EndProject
Global
	GlobalSection(SolutionConfigurationPlatforms) = preSolution
		Debug|x64 = Debug|x64
		Debug|x86 = Debug|x86
		Release|x64 = Release|x64
		Release|x86 = Release|x86
	EndGlobalSection
	GlobalSection(ProjectConfigurationPlatforms) = postSolution
		{9387E90D-4651-4D8E-B964-54396D9C3E7B}.Debug|x64.ActiveCfg = Debug|x64
		{9387E90D-4651-4D8E-B964-54396D9C3E7B}.Debug|x64.Build.0 = Debug|x64
		{9387E90D-4651-4D8E-B964-54396D9C3E7B}.Debug|x86.ActiveCfg = Debug|Win32
		{9387E90D-4651-4D8E-B964-54396D9C3E7B}.Debug|x86.Build.0 = Debug|Win32
		{9387E90D-4651-4D8E-B964-54396D9C3E7B}.Release|x64.ActiveCfg = Release|x64
		{9387E90D-4651-4D8E-B964-54396D9C3E7B}.Release|x64.Build.0 = Release|x64
		{9387E90D-4651-4D8E-B964-54396D9C3E7B}.Release|x86.ActiveCfg = Release|Win32
		{9387E90D-4651-4D8E-B964-54396D9C3E7B}.Release|x86.Build.0 = Release|Win32
	EndGlobalSection
	GlobalSection(SolutionProperties) = preSolution
		HideSolutionNode = FALSE
	EndGlobalSection
	GlobalSection(ExtensibilityGlobals) = postSolution
		SolutionGuid = {B82F62C9-F5D0-4BC5-9E92-1D3C44B90A8F}
	EndGlobalSection
EndGlobal
