
Microsoft Visual Studio Solution File, Format Version 12.00
# Visual Studio Version 17
VisualStudioVersion = 17.3.32825.248
MinimumVisualStudioVersion = 10.0.40219.1
Project("{8BC9CEB8-8B4A-11D0-8D11-00A0C91BC942}") = "laba 2 1 .c", "laba 2 1 .c\laba 2 1 .c.vcxproj", "{30261D9B-D983-42DA-AAC2-9124421339C2}"
EndProject
Global
	GlobalSection(SolutionConfigurationPlatforms) = preSolution
		Debug|x64 = Debug|x64
		Debug|x86 = Debug|x86
		Release|x64 = Release|x64
		Release|x86 = Release|x86
	EndGlobalSection
	GlobalSection(ProjectConfigurationPlatforms) = postSolution
		{30261D9B-D983-42DA-AAC2-9124421339C2}.Debug|x64.ActiveCfg = Debug|x64
		{30261D9B-D983-42DA-AAC2-9124421339C2}.Debug|x64.Build.0 = Debug|x64
		{30261D9B-D983-42DA-AAC2-9124421339C2}.Debug|x86.ActiveCfg = Debug|Win32
		{30261D9B-D983-42DA-AAC2-9124421339C2}.Debug|x86.Build.0 = Debug|Win32
		{30261D9B-D983-42DA-AAC2-9124421339C2}.Release|x64.ActiveCfg = Release|x64
		{30261D9B-D983-42DA-AAC2-9124421339C2}.Release|x64.Build.0 = Release|x64
		{30261D9B-D983-42DA-AAC2-9124421339C2}.Release|x86.ActiveCfg = Release|Win32
		{30261D9B-D983-42DA-AAC2-9124421339C2}.Release|x86.Build.0 = Release|Win32
	EndGlobalSection
	GlobalSection(SolutionProperties) = preSolution
		HideSolutionNode = FALSE
	EndGlobalSection
	GlobalSection(ExtensibilityGlobals) = postSolution
		SolutionGuid = {DD0B0725-EC46-47C6-A6BD-26FCC5811C58}
	EndGlobalSection
EndGlobal
